
Microsoft Visual Studio Solution File, Format Version 12.00
# Visual Studio Version 17
VisualStudioVersion = 17.12.35707.178
MinimumVisualStudioVersion = 10.0.40219.1
Project("{FAE04EC0-301F-11D3-BF4B-00C04F79EFBC}") = "Shop", "Shop\Shop.csproj", "{E338C2F5-66F7-4785-8B30-6FAB902DB3E9}"
	ProjectSection(ProjectDependencies) = postProject
		{37351C80-92D2-4EE1-8052-35E623A00CAB} = {37351C80-92D2-4EE1-8052-35E623A00CAB}
		{6D762BF8-F30B-4721-9FD5-E542B33DD453} = {6D762BF8-F30B-4721-9FD5-E542B33DD453}
	EndProjectSection
EndProject
Project("{FAE04EC0-301F-11D3-BF4B-00C04F79EFBC}") = "Shop.BusinessLogic", "Shop.BusinessLogic\Shop.BusinessLogic.csproj", "{37351C80-92D2-4EE1-8052-35E623A00CAB}"
	ProjectSection(ProjectDependencies) = postProject
		{2A1A5180-6A2D-4813-A0F4-078210AF3FAE} = {2A1A5180-6A2D-4813-A0F4-078210AF3FAE}
		{6D762BF8-F30B-4721-9FD5-E542B33DD453} = {6D762BF8-F30B-4721-9FD5-E542B33DD453}
	EndProjectSection
EndProject
Project("{FAE04EC0-301F-11D3-BF4B-00C04F79EFBC}") = "Shop.Domain", "Shop.Domain\Shop.Domain.csproj", "{6D762BF8-F30B-4721-9FD5-E542B33DD453}"
	ProjectSection(ProjectDependencies) = postProject
		{2A1A5180-6A2D-4813-A0F4-078210AF3FAE} = {2A1A5180-6A2D-4813-A0F4-078210AF3FAE}
	EndProjectSection
EndProject
Project("{FAE04EC0-301F-11D3-BF4B-00C04F79EFBC}") = "Shop.Helpers", "Shop.Helpers\Shop.Helpers.csproj", "{2A1A5180-6A2D-4813-A0F4-078210AF3FAE}"
EndProject
Global
	GlobalSection(SolutionConfigurationPlatforms) = preSolution
		Debug|Any CPU = Debug|Any CPU
		Release|Any CPU = Release|Any CPU
	EndGlobalSection
	GlobalSection(ProjectConfigurationPlatforms) = postSolution
		{E338C2F5-66F7-4785-8B30-6FAB902DB3E9}.Debug|Any CPU.ActiveCfg = Debug|Any CPU
		{E338C2F5-66F7-4785-8B30-6FAB902DB3E9}.Debug|Any CPU.Build.0 = Debug|Any CPU
		{E338C2F5-66F7-4785-8B30-6FAB902DB3E9}.Release|Any CPU.ActiveCfg = Release|Any CPU
		{E338C2F5-66F7-4785-8B30-6FAB902DB3E9}.Release|Any CPU.Build.0 = Release|Any CPU
		{37351C80-92D2-4EE1-8052-35E623A00CAB}.Debug|Any CPU.ActiveCfg = Debug|Any CPU
		{37351C80-92D2-4EE1-8052-35E623A00CAB}.Debug|Any CPU.Build.0 = Debug|Any CPU
		{37351C80-92D2-4EE1-8052-35E623A00CAB}.Release|Any CPU.ActiveCfg = Release|Any CPU
		{37351C80-92D2-4EE1-8052-35E623A00CAB}.Release|Any CPU.Build.0 = Release|Any CPU
		{6D762BF8-F30B-4721-9FD5-E542B33DD453}.Debug|Any CPU.ActiveCfg = Debug|Any CPU
		{6D762BF8-F30B-4721-9FD5-E542B33DD453}.Debug|Any CPU.Build.0 = Debug|Any CPU
		{6D762BF8-F30B-4721-9FD5-E542B33DD453}.Release|Any CPU.ActiveCfg = Release|Any CPU
		{6D762BF8-F30B-4721-9FD5-E542B33DD453}.Release|Any CPU.Build.0 = Release|Any CPU
		{2A1A5180-6A2D-4813-A0F4-078210AF3FAE}.Debug|Any CPU.ActiveCfg = Debug|Any CPU
		{2A1A5180-6A2D-4813-A0F4-078210AF3FAE}.Debug|Any CPU.Build.0 = Debug|Any CPU
		{2A1A5180-6A2D-4813-A0F4-078210AF3FAE}.Release|Any CPU.ActiveCfg = Release|Any CPU
		{2A1A5180-6A2D-4813-A0F4-078210AF3FAE}.Release|Any CPU.Build.0 = Release|Any CPU
	EndGlobalSection
	GlobalSection(SolutionProperties) = preSolution
		HideSolutionNode = FALSE
	EndGlobalSection
	GlobalSection(ExtensibilityGlobals) = postSolution
		SolutionGuid = {AB72AC32-0637-46C6-BDBF-C7E035490B4C}
	EndGlobalSection
EndGlobal
